
Microsoft Visual Studio Solution File, Format Version 12.00
# Visual Studio Version 17
VisualStudioVersion = 17.7.34031.279
MinimumVisualStudioVersion = 10.0.40219.1
Project("{FAE04EC0-301F-11D3-BF4B-00C04F79EFBC}") = "TestDrivenDevelopmentExample_StringCalculator", "TestDrivenDevelopmentExample_StringCalculator\TestDrivenDevelopmentExample_StringCalculator.csproj", "{02828DAC-46A4-4960-856F-382AC10051DA}"
EndProject
Project("{FAE04EC0-301F-11D3-BF4B-00C04F79EFBC}") = "TestDrivenDevelopmentExample_StringCalculator.Test", "TestDrivenDevelopmentExample_StringCalculator.Test\TestDrivenDevelopmentExample_StringCalculator.Test.csproj", "{99A0A8C7-F488-4F0D-A8F0-97D6D5151D02}"
EndProject
Global
	GlobalSection(SolutionConfigurationPlatforms) = preSolution
		Debug|Any CPU = Debug|Any CPU
		Release|Any CPU = Release|Any CPU
	EndGlobalSection
	GlobalSection(ProjectConfigurationPlatforms) = postSolution
		{02828DAC-46A4-4960-856F-382AC10051DA}.Debug|Any CPU.ActiveCfg = Debug|Any CPU
		{02828DAC-46A4-4960-856F-382AC10051DA}.Debug|Any CPU.Build.0 = Debug|Any CPU
		{02828DAC-46A4-4960-856F-382AC10051DA}.Release|Any CPU.ActiveCfg = Release|Any CPU
		{02828DAC-46A4-4960-856F-382AC10051DA}.Release|Any CPU.Build.0 = Release|Any CPU
		{99A0A8C7-F488-4F0D-A8F0-97D6D5151D02}.Debug|Any CPU.ActiveCfg = Debug|Any CPU
		{99A0A8C7-F488-4F0D-A8F0-97D6D5151D02}.Debug|Any CPU.Build.0 = Debug|Any CPU
		{99A0A8C7-F488-4F0D-A8F0-97D6D5151D02}.Release|Any CPU.ActiveCfg = Release|Any CPU
		{99A0A8C7-F488-4F0D-A8F0-97D6D5151D02}.Release|Any CPU.Build.0 = Release|Any CPU
	EndGlobalSection
	GlobalSection(SolutionProperties) = preSolution
		HideSolutionNode = FALSE
	EndGlobalSection
	GlobalSection(ExtensibilityGlobals) = postSolution
		SolutionGuid = {47534FF8-CE16-4201-96B0-76A55EE4EBF0}
	EndGlobalSection
EndGlobal
